
Microsoft Visual Studio Solution File, Format Version 12.00
# Visual Studio 15
VisualStudioVersion = 15.0.28307.329
MinimumVisualStudioVersion = 10.0.40219.1
Project("{FAE04EC0-301F-11D3-BF4B-00C04F79EFBC}") = "RUAP_LV4", "RUAP_LV4\RUAP_LV4.csproj", "{65B6C3AD-F6E6-4D0D-B2B0-B4801CAD7FC7}"
EndProject
Global
	GlobalSection(SolutionConfigurationPlatforms) = preSolution
		Debug|Any CPU = Debug|Any CPU
		Release|Any CPU = Release|Any CPU
	EndGlobalSection
	GlobalSection(ProjectConfigurationPlatforms) = postSolution
		{65B6C3AD-F6E6-4D0D-B2B0-B4801CAD7FC7}.Debug|Any CPU.ActiveCfg = Debug|Any CPU
		{65B6C3AD-F6E6-4D0D-B2B0-B4801CAD7FC7}.Debug|Any CPU.Build.0 = Debug|Any CPU
		{65B6C3AD-F6E6-4D0D-B2B0-B4801CAD7FC7}.Release|Any CPU.ActiveCfg = Release|Any CPU
		{65B6C3AD-F6E6-4D0D-B2B0-B4801CAD7FC7}.Release|Any CPU.Build.0 = Release|Any CPU
	EndGlobalSection
	GlobalSection(SolutionProperties) = preSolution
		HideSolutionNode = FALSE
	EndGlobalSection
	GlobalSection(ExtensibilityGlobals) = postSolution
		SolutionGuid = {2517EF8B-D99E-4684-9337-10FF2DAAD993}
	EndGlobalSection
EndGlobal
